// !$*UTF8*$!
{
	archiveVersion = 1;
	classes = {
	};
	objectVersion = 56;
	objects = {

/* Begin PBXBuildFile section */
		AA0000000000000000000040 /* GrizzlyScoutApp.swift in Sources */ = {isa = PBXBuildFile; fileRef = AA0000000000000000000007 /* GrizzlyScoutApp.swift */; };
		AA0000000000000000000041 /* grizzly-logo.png in Resources */ = {isa = PBXBuildFile; fileRef = AA0000000000000000000009 /* grizzly-logo.png */; };
/* End PBXBuildFile section */

/* Begin PBXFileReference section */
		AA0000000000000000000005 /* GrizzlyScout-iOS/Info.plist */ = {isa = PBXFileReference; lastKnownFileType = text.plist.xml; path = "GrizzlyScout-iOS/Info.plist"; sourceTree = "<group>"; };
		AA0000000000000000000006 /* GrizzlyScout-iOS.app */ = {isa = PBXFileReference; explicitFileType = wrapper.application; includeInIndex = 0; path = "GrizzlyScout-iOS.app"; sourceTree = BUILT_PRODUCTS_DIR; };
		AA0000000000000000000007 /* GrizzlyScoutApp.swift */ = {isa = PBXFileReference; lastKnownFileType = sourcecode.swift; path = GrizzlyScoutApp.swift; sourceTree = "<group>"; };
		AA0000000000000000000009 /* grizzly-logo.png */ = {isa = PBXFileReference; lastKnownFileType = image.png; path = Resources/grizzly-logo.png; sourceTree = "<group>"; };
/* End PBXFileReference section */

/* Begin PBXFrameworksBuildPhase section */
		AA0000000000000000000032 /* Frameworks */ = {
			isa = PBXFrameworksBuildPhase;
			buildActionMask = 2147483647;
			files = (
			);
			runOnlyForDeploymentPostprocessing = 0;
		};
/* End PBXFrameworksBuildPhase section */

/* Begin PBXGroup section */
		AA0000000000000000000002 = {
			isa = PBXGroup;
			children = (
				AA0000000000000000000004 /* GrizzlyScout-iOS */,
				AA0000000000000000000005 /* GrizzlyScout-iOS/Info.plist */,
				AA0000000000000000000003 /* Products */,
			);
			sourceTree = "<group>";
		};
		AA0000000000000000000003 /* Products */ = {
			isa = PBXGroup;
			children = (
				AA0000000000000000000006 /* GrizzlyScout-iOS.app */,
			);
			name = Products;
			sourceTree = "<group>";
		};
		AA0000000000000000000004 /* GrizzlyScout-iOS */ = {
			isa = PBXGroup;
			children = (
				AA0000000000000000000007 /* GrizzlyScoutApp.swift */,
				AA0000000000000000000009 /* grizzly-logo.png */,
			);
			path = "GrizzlyScout-iOS";
			sourceTree = "<group>";
		};
/* End PBXGroup section */

/* Begin PBXNativeTarget section */
		AA0000000000000000000020 /* GrizzlyScout-iOS */ = {
			isa = PBXNativeTarget;
			buildConfigurationList = AA0000000000000000000011 /* Build configuration list for PBXNativeTarget "GrizzlyScout-iOS" */;
			buildPhases = (
				AA0000000000000000000030 /* Sources */,
				AA0000000000000000000031 /* Resources */,
				AA0000000000000000000032 /* Frameworks */,
			);
			buildRules = (
			);
			dependencies = (
			);
			name = "GrizzlyScout-iOS";
			productName = "GrizzlyScout-iOS";
			productReference = AA0000000000000000000006 /* GrizzlyScout-iOS.app */;
			productType = "com.apple.product-type.application";
		};
/* End PBXNativeTarget section */

/* Begin PBXProject section */
		AA0000000000000000000001 /* Project object */ = {
			isa = PBXProject;
			attributes = {
				LastUpgradeCheck = 2700;
			};
			buildConfigurationList = AA0000000000000000000010 /* Build configuration list for PBXProject "GrizzlyScout-iOS" */;
			compatibilityVersion = "Xcode 14.0";
			developmentRegion = en;
			hasScannedForEncodings = 0;
			knownRegions = (
				en,
				Base,
			);
			mainGroup = AA0000000000000000000002;
			productRefGroup = AA0000000000000000000003 /* Products */;
			projectDirPath = "";
			projectRoot = "";
			targets = (
				AA0000000000000000000020 /* GrizzlyScout-iOS */,
			);
		};
/* End PBXProject section */

/* Begin PBXResourcesBuildPhase section */
		AA0000000000000000000031 /* Resources */ = {
			isa = PBXResourcesBuildPhase;
			buildActionMask = 2147483647;
			files = (
				AA0000000000000000000041 /* grizzly-logo.png in Resources */,
			);
			runOnlyForDeploymentPostprocessing = 0;
		};
/* End PBXResourcesBuildPhase section */

/* Begin PBXSourcesBuildPhase section */
		AA0000000000000000000030 /* Sources */ = {
			isa = PBXSourcesBuildPhase;
			buildActionMask = 2147483647;
			files = (
				AA0000000000000000000040 /* GrizzlyScoutApp.swift in Sources */,
			);
			runOnlyForDeploymentPostprocessing = 0;
		};
/* End PBXSourcesBuildPhase section */

/* Begin XCBuildConfiguration section */
		AA0000000000000000000050 /* Debug */ = {
			isa = XCBuildConfiguration;
			buildSettings = {
				ALWAYS_SEARCH_USER_PATHS = NO;
				IPHONEOS_DEPLOYMENT_TARGET = 16.0;
				SDKROOT = iphoneos;
				TARGETED_DEVICE_FAMILY = "1,2";
			};
			name = Debug;
		};
		AA0000000000000000000051 /* Release */ = {
			isa = XCBuildConfiguration;
			buildSettings = {
				ALWAYS_SEARCH_USER_PATHS = NO;
				IPHONEOS_DEPLOYMENT_TARGET = 16.0;
				SDKROOT = iphoneos;
				TARGETED_DEVICE_FAMILY = "1,2";
			};
			name = Release;
		};
		AA0000000000000000000060 /* Debug */ = {
			isa = XCBuildConfiguration;
			buildSettings = {
				ASSETCATALOG_COMPILER_APPICON_NAME = AppIcon;
				CODE_SIGN_STYLE = Automatic;
				DEVELOPMENT_TEAM = R5H5QJDG8H;
				INFOPLIST_FILE = "GrizzlyScout-iOS/Info.plist";
				IPHONEOS_DEPLOYMENT_TARGET = 16.0;
				PRODUCT_BUNDLE_IDENTIFIER = com.ycsrobotics.grizzlyscout.ios;
				PRODUCT_NAME = "$(TARGET_NAME)";
				SUPPORTED_PLATFORMS = "iphoneos iphonesimulator";
				SWIFT_VERSION = 5.0;
				TARGETED_DEVICE_FAMILY = "1,2";
			};
			name = Debug;
		};
		AA0000000000000000000061 /* Release */ = {
			isa = XCBuildConfiguration;
			buildSettings = {
				ASSETCATALOG_COMPILER_APPICON_NAME = AppIcon;
				CODE_SIGN_STYLE = Automatic;
				DEVELOPMENT_TEAM = R5H5QJDG8H;
				INFOPLIST_FILE = "GrizzlyScout-iOS/Info.plist";
				IPHONEOS_DEPLOYMENT_TARGET = 16.0;
				PRODUCT_BUNDLE_IDENTIFIER = com.ycsrobotics.grizzlyscout.ios;
				PRODUCT_NAME = "$(TARGET_NAME)";
				SUPPORTED_PLATFORMS = "iphoneos iphonesimulator";
				SWIFT_VERSION = 5.0;
				TARGETED_DEVICE_FAMILY = "1,2";
			};
			name = Release;
		};
/* End XCBuildConfiguration section */

/* Begin XCConfigurationList section */
		AA0000000000000000000010 /* Build configuration list for PBXProject "GrizzlyScout-iOS" */ = {
			isa = XCConfigurationList;
			buildConfigurations = (
				AA0000000000000000000050 /* Debug */,
				AA0000000000000000000051 /* Release */,
			);
			defaultConfigurationIsVisible = 0;
			defaultConfigurationName = Release;
		};
		AA0000000000000000000011 /* Build configuration list for PBXNativeTarget "GrizzlyScout-iOS" */ = {
			isa = XCConfigurationList;
			buildConfigurations = (
				AA0000000000000000000060 /* Debug */,
				AA0000000000000000000061 /* Release */,
			);
			defaultConfigurationIsVisible = 0;
			defaultConfigurationName = Release;
		};
/* End XCConfigurationList section */
	};
	rootObject = AA0000000000000000000001 /* Project object */;
}
